{
  "name": "script_helpers",
  "version": "1.0.0",
  "lockfileVersion": 2,
  "requires": true,
  "packages": {
    "": {
      "name": "script_helpers",
      "version": "1.0.0",
      "license": "MIT",
      "dependencies": {
        "grammarkdown": "^3.1.2",
        "html-entities": "^2.3.2",
        "node-fetch": "^3.1.0",
        "node-html-parser": "^5.1.0"
      }
    },
    "node_modules/@esfx/async-canceltoken": {
      "version": "1.0.0-pre.30",
      "resolved": "https://registry.npmjs.org/@esfx/async-canceltoken/-/async-canceltoken-1.0.0-pre.30.tgz",
      "integrity": "sha512-4he0W+ZKH4OO4RvGfmATIibO5JzGLQqwm4Dp3X15bWnguDTmmOFt3Qt169Doij/gXxn2aPpZvxUaYIEebi8Xig==",
      "dependencies": {
        "@esfx/cancelable": "^1.0.0-pre.30",
        "@esfx/collections-linkedlist": "^1.0.0-pre.24",
        "@esfx/disposable": "^1.0.0-pre.30",
        "@esfx/internal-guards": "^1.0.0-pre.23",
        "@esfx/internal-tag": "^1.0.0-pre.19",
        "tslib": "^2.1.0"
      }
    },
    "node_modules/@esfx/cancelable": {
      "version": "1.0.0-pre.30",
      "resolved": "https://registry.npmjs.org/@esfx/cancelable/-/cancelable-1.0.0-pre.30.tgz",
      "integrity": "sha512-fo0+/D3tEcSOHdZ8HiCR7qOKl5Tkk6Nw6QJNNXSQ0ejlpP3HU4S2i0rb/tjHQ1EkUcWZfB3g2jzfL0ioQSEgGg==",
      "dependencies": {
        "@esfx/disposable": "^1.0.0-pre.30",
        "@esfx/internal-deprecate": "^1.0.0-pre.24",
        "@esfx/internal-guards": "^1.0.0-pre.23",
        "@esfx/internal-tag": "^1.0.0-pre.19"
      }
    },
    "node_modules/@esfx/collection-core": {
      "version": "1.0.0-pre.24",
      "resolved": "https://registry.npmjs.org/@esfx/collection-core/-/collection-core-1.0.0-pre.24.tgz",
      "integrity": "sha512-OIgMS91JmjSoRWD7u/DfnDzo8vDggeTeUPRi1p5WhyboY0+IwmetEqgeHZb8bpka/SsmtYX5qxqEjeqNXqh+pA==",
      "dependencies": {
        "@esfx/internal-deprecate": "^1.0.0-pre.24",
        "@esfx/internal-guards": "^1.0.0-pre.23"
      }
    },
    "node_modules/@esfx/collections-linkedlist": {
      "version": "1.0.0-pre.24",
      "resolved": "https://registry.npmjs.org/@esfx/collections-linkedlist/-/collections-linkedlist-1.0.0-pre.24.tgz",
      "integrity": "sha512-Maya8jXH0xvzyfeSH88/j2b5gavO/mluslgIC2Ttdz8rh6+3o8/pVYriceH/Jinn4pgTEzDhO6Rn/aruZG0+Ug==",
      "dependencies": {
        "@esfx/collection-core": "^1.0.0-pre.24",
        "@esfx/equatable": "^1.0.0-pre.19",
        "@esfx/internal-guards": "^1.0.0-pre.23"
      }
    },
    "node_modules/@esfx/disposable": {
      "version": "1.0.0-pre.30",
      "resolved": "https://registry.npmjs.org/@esfx/disposable/-/disposable-1.0.0-pre.30.tgz",
      "integrity": "sha512-njBGIQO+HW+lMqqMjURC+MWn+55ufulgebPLXzlxbwVSz5hZkoCsv6n9sIBQbnvg/PYQmWK5Dk6gDSmFfihTUg=="
    },
    "node_modules/@esfx/equatable": {
      "version": "1.0.0-pre.19",
      "resolved": "https://registry.npmjs.org/@esfx/equatable/-/equatable-1.0.0-pre.19.tgz",
      "integrity": "sha512-+f6Xm6GOigyGx7t0D0IyG9Z0AuYDhNWjwV49vs5uNG/+0VQAOSYjmnpSzTZRYcYwxW52DmWJWFYNY8bvCDD2ag=="
    },
    "node_modules/@esfx/internal-deprecate": {
      "version": "1.0.0-pre.24",
      "resolved": "https://registry.npmjs.org/@esfx/internal-deprecate/-/internal-deprecate-1.0.0-pre.24.tgz",
      "integrity": "sha512-TSU5k04+nuVQdyfYhaVXxyskdiwYQHgwN20J3cbyRrm/YFi2dOoFSLFvkMNh7LNOPGWSOg6pfAm3kd23ISR3Ow=="
    },
    "node_modules/@esfx/internal-guards": {
      "version": "1.0.0-pre.23",
      "resolved": "https://registry.npmjs.org/@esfx/internal-guards/-/internal-guards-1.0.0-pre.23.tgz",
      "integrity": "sha512-y2svuwRERA2eKF1T/Stq+O8kPjicFQcUTob5je3L6iloOHnOD0sX6aQLvheWmTXXS7hAnjlyMeSN/ec84BRyHg==",
      "dependencies": {
        "@esfx/type-model": "^1.0.0-pre.23"
      }
    },
    "node_modules/@esfx/internal-tag": {
      "version": "1.0.0-pre.19",
      "resolved": "https://registry.npmjs.org/@esfx/internal-tag/-/internal-tag-1.0.0-pre.19.tgz",
      "integrity": "sha512-/v1D5LfvBnbvHzL22Vh6yobrOTVCBhsW/l9M+/GRA51eqCN27yTmWGaYUSd1QXp2vxHwNr0sfckVoNtTzeaIqQ=="
    },
    "node_modules/@esfx/type-model": {
      "version": "1.0.0-pre.23",
      "resolved": "https://registry.npmjs.org/@esfx/type-model/-/type-model-1.0.0-pre.23.tgz",
      "integrity": "sha512-jwcSY9pqEmGoDNhfT+0LUmSTyk6zXF/pbgKb7KU7mTfCrWfVCT/ve61cD1CreerDRBSat/s55se0lJXwDSjhuA=="
    },
    "node_modules/boolbase": {
      "version": "1.0.0",
      "resolved": "https://registry.npmjs.org/boolbase/-/boolbase-1.0.0.tgz",
      "integrity": "sha1-aN/1++YMUes3cl6p4+0xDcwed24="
    },
    "node_modules/css-select": {
      "version": "4.1.3",
      "resolved": "https://registry.npmjs.org/css-select/-/css-select-4.1.3.tgz",
      "integrity": "sha512-gT3wBNd9Nj49rAbmtFHj1cljIAOLYSX1nZ8CB7TBO3INYckygm5B7LISU/szY//YmdiSLbJvDLOx9VnMVpMBxA==",
      "dependencies": {
        "boolbase": "^1.0.0",
        "css-what": "^5.0.0",
        "domhandler": "^4.2.0",
        "domutils": "^2.6.0",
        "nth-check": "^2.0.0"
      },
      "funding": {
        "url": "https://github.com/sponsors/fb55"
      }
    },
    "node_modules/css-what": {
      "version": "5.1.0",
      "resolved": "https://registry.npmjs.org/css-what/-/css-what-5.1.0.tgz",
      "integrity": "sha512-arSMRWIIFY0hV8pIxZMEfmMI47Wj3R/aWpZDDxWYCPEiOMv6tfOrnpDtgxBYPEQD4V0Y/958+1TdC3iWTFcUPw==",
      "engines": {
        "node": ">= 6"
      },
      "funding": {
        "url": "https://github.com/sponsors/fb55"
      }
    },
    "node_modules/data-uri-to-buffer": {
      "version": "4.0.0",
      "resolved": "https://registry.npmjs.org/data-uri-to-buffer/-/data-uri-to-buffer-4.0.0.tgz",
      "integrity": "sha512-Vr3mLBA8qWmcuschSLAOogKgQ/Jwxulv3RNE4FXnYWRGujzrRWQI4m12fQqRkwX06C0KanhLr4hK+GydchZsaA==",
      "engines": {
        "node": ">= 12"
      }
    },
    "node_modules/dom-serializer": {
      "version": "1.3.2",
      "resolved": "https://registry.npmjs.org/dom-serializer/-/dom-serializer-1.3.2.tgz",
      "integrity": "sha512-5c54Bk5Dw4qAxNOI1pFEizPSjVsx5+bpJKmL2kPn8JhBUq2q09tTCa3mjijun2NfK78NMouDYNMBkOrPZiS+ig==",
      "dependencies": {
        "domelementtype": "^2.0.1",
        "domhandler": "^4.2.0",
        "entities": "^2.0.0"
      },
      "funding": {
        "url": "https://github.com/cheeriojs/dom-serializer?sponsor=1"
      }
    },
    "node_modules/domelementtype": {
      "version": "2.2.0",
      "resolved": "https://registry.npmjs.org/domelementtype/-/domelementtype-2.2.0.tgz",
      "integrity": "sha512-DtBMo82pv1dFtUmHyr48beiuq792Sxohr+8Hm9zoxklYPfa6n0Z3Byjj2IV7bmr2IyqClnqEQhfgHJJ5QF0R5A==",
      "funding": [
        {
          "type": "github",
          "url": "https://github.com/sponsors/fb55"
        }
      ]
    },
    "node_modules/domhandler": {
      "version": "4.2.2",
      "resolved": "https://registry.npmjs.org/domhandler/-/domhandler-4.2.2.tgz",
      "integrity": "sha512-PzE9aBMsdZO8TK4BnuJwH0QT41wgMbRzuZrHUcpYncEjmQazq8QEaBWgLG7ZyC/DAZKEgglpIA6j4Qn/HmxS3w==",
      "dependencies": {
        "domelementtype": "^2.2.0"
      },
      "engines": {
        "node": ">= 4"
      },
      "funding": {
        "url": "https://github.com/fb55/domhandler?sponsor=1"
      }
    },
    "node_modules/domutils": {
      "version": "2.8.0",
      "resolved": "https://registry.npmjs.org/domutils/-/domutils-2.8.0.tgz",
      "integrity": "sha512-w96Cjofp72M5IIhpjgobBimYEfoPjx1Vx0BSX9P30WBdZW2WIKU0T1Bd0kz2eNZ9ikjKgHbEyKx8BB6H1L3h3A==",
      "dependencies": {
        "dom-serializer": "^1.0.1",
        "domelementtype": "^2.2.0",
        "domhandler": "^4.2.0"
      },
      "funding": {
        "url": "https://github.com/fb55/domutils?sponsor=1"
      }
    },
    "node_modules/entities": {
      "version": "2.2.0",
      "resolved": "https://registry.npmjs.org/entities/-/entities-2.2.0.tgz",
      "integrity": "sha512-p92if5Nz619I0w+akJrLZH0MX0Pb5DX39XOwQTtXSdQQOaYH03S1uIQp4mhOZtAXrxq4ViO67YTiLBo2638o9A==",
      "funding": {
        "url": "https://github.com/fb55/entities?sponsor=1"
      }
    },
    "node_modules/fetch-blob": {
      "version": "3.1.3",
      "resolved": "https://registry.npmjs.org/fetch-blob/-/fetch-blob-3.1.3.tgz",
      "integrity": "sha512-ax1Y5I9w+9+JiM+wdHkhBoxew+zG4AJ2SvAD1v1szpddUIiPERVGBxrMcB2ZqW0Y3PP8bOWYv2zqQq1Jp2kqUQ==",
      "funding": [
        {
          "type": "github",
          "url": "https://github.com/sponsors/jimmywarting"
        },
        {
          "type": "paypal",
          "url": "https://paypal.me/jimmywarting"
        }
      ],
      "dependencies": {
        "web-streams-polyfill": "^3.0.3"
      },
      "engines": {
        "node": "^12.20 || >= 14.13"
      }
    },
    "node_modules/formdata-polyfill": {
      "version": "4.0.10",
      "resolved": "https://registry.npmjs.org/formdata-polyfill/-/formdata-polyfill-4.0.10.tgz",
      "integrity": "sha512-buewHzMvYL29jdeQTVILecSaZKnt/RJWjoZCF5OW60Z67/GmSLBkOFM7qh1PI3zFNtJbaZL5eQu1vLfazOwj4g==",
      "dependencies": {
        "fetch-blob": "^3.1.2"
      },
      "engines": {
        "node": ">=12.20.0"
      }
    },
    "node_modules/grammarkdown": {
      "version": "3.1.2",
      "resolved": "https://registry.npmjs.org/grammarkdown/-/grammarkdown-3.1.2.tgz",
      "integrity": "sha512-2WHeSg1sYjeeWMqnt0jEa4FyhofhE8T02a9PhBXvA1+6hLdZ39E753X05LYIdTff+1GYW6UMy+2nLfeQYQZ9Hw==",
      "dependencies": {
        "@esfx/async-canceltoken": "^1.0.0-pre.13",
        "@esfx/cancelable": "^1.0.0-pre.13"
      },
      "bin": {
        "grammarkdown": "bin/grammarkdown"
      }
    },
    "node_modules/he": {
      "version": "1.2.0",
      "resolved": "https://registry.npmjs.org/he/-/he-1.2.0.tgz",
      "integrity": "sha512-F/1DnUGPopORZi0ni+CvrCgHQ5FyEAHRLSApuYWMmrbSwoN2Mn/7k+Gl38gJnR7yyDZk6WLXwiGod1JOWNDKGw==",
      "bin": {
        "he": "bin/he"
      }
    },
    "node_modules/html-entities": {
      "version": "2.3.2",
      "resolved": "https://registry.npmjs.org/html-entities/-/html-entities-2.3.2.tgz",
      "integrity": "sha512-c3Ab/url5ksaT0WyleslpBEthOzWhrjQbg75y7XUsfSzi3Dgzt0l8w5e7DylRn15MTlMMD58dTfzddNS2kcAjQ=="
    },
    "node_modules/node-fetch": {
      "version": "3.1.0",
      "resolved": "https://registry.npmjs.org/node-fetch/-/node-fetch-3.1.0.tgz",
      "integrity": "sha512-QU0WbIfMUjd5+MUzQOYhenAazakV7Irh1SGkWCsRzBwvm4fAhzEUaHMJ6QLP7gWT6WO9/oH2zhKMMGMuIrDyKw==",
      "dependencies": {
        "data-uri-to-buffer": "^4.0.0",
        "fetch-blob": "^3.1.2",
        "formdata-polyfill": "^4.0.10"
      },
      "engines": {
        "node": "^12.20.0 || ^14.13.1 || >=16.0.0"
      },
      "funding": {
        "type": "opencollective",
        "url": "https://opencollective.com/node-fetch"
      }
    },
    "node_modules/node-html-parser": {
      "version": "5.1.0",
      "resolved": "https://registry.npmjs.org/node-html-parser/-/node-html-parser-5.1.0.tgz",
      "integrity": "sha512-l6C1Gf1o7YuxeMGa17PypEez/rj+ii3q4/NZG37nRmWSLDjHyB0WNrlE4h2UW92D0JSfUSfu+lOvxThttVe7Jw==",
      "dependencies": {
        "css-select": "^4.1.3",
        "he": "1.2.0"
      }
    },
    "node_modules/nth-check": {
      "version": "2.0.1",
      "resolved": "https://registry.npmjs.org/nth-check/-/nth-check-2.0.1.tgz",
      "integrity": "sha512-it1vE95zF6dTT9lBsYbxvqh0Soy4SPowchj0UBGj/V6cTPnXXtQOPUbhZ6CmGzAD/rW22LQK6E96pcdJXk4A4w==",
      "dependencies": {
        "boolbase": "^1.0.0"
      },
      "funding": {
        "url": "https://github.com/fb55/nth-check?sponsor=1"
      }
    },
    "node_modules/tslib": {
      "version": "2.3.1",
      "resolved": "https://registry.npmjs.org/tslib/-/tslib-2.3.1.tgz",
      "integrity": "sha512-77EbyPPpMz+FRFRuAFlWMtmgUWGe9UOG2Z25NqCwiIjRhOf5iKGuzSe5P2w1laq+FkRy4p+PCuVkJSGkzTEKVw=="
    },
    "node_modules/web-streams-polyfill": {
      "version": "3.2.0",
      "resolved": "https://registry.npmjs.org/web-streams-polyfill/-/web-streams-polyfill-3.2.0.tgz",
      "integrity": "sha512-EqPmREeOzttaLRm5HS7io98goBgZ7IVz79aDvqjD0kYXLtFZTc0T/U6wHTPKyIjb+MdN7DFIIX6hgdBEpWmfPA==",
      "engines": {
        "node": ">= 8"
      }
    }
  },
  "dependencies": {
    "@esfx/async-canceltoken": {
      "version": "1.0.0-pre.30",
      "resolved": "https://registry.npmjs.org/@esfx/async-canceltoken/-/async-canceltoken-1.0.0-pre.30.tgz",
      "integrity": "sha512-4he0W+ZKH4OO4RvGfmATIibO5JzGLQqwm4Dp3X15bWnguDTmmOFt3Qt169Doij/gXxn2aPpZvxUaYIEebi8Xig==",
      "requires": {
        "@esfx/cancelable": "^1.0.0-pre.30",
        "@esfx/collections-linkedlist": "^1.0.0-pre.24",
        "@esfx/disposable": "^1.0.0-pre.30",
        "@esfx/internal-guards": "^1.0.0-pre.23",
        "@esfx/internal-tag": "^1.0.0-pre.19",
        "tslib": "^2.1.0"
      }
    },
    "@esfx/cancelable": {
      "version": "1.0.0-pre.30",
      "resolved": "https://registry.npmjs.org/@esfx/cancelable/-/cancelable-1.0.0-pre.30.tgz",
      "integrity": "sha512-fo0+/D3tEcSOHdZ8HiCR7qOKl5Tkk6Nw6QJNNXSQ0ejlpP3HU4S2i0rb/tjHQ1EkUcWZfB3g2jzfL0ioQSEgGg==",
      "requires": {
        "@esfx/disposable": "^1.0.0-pre.30",
        "@esfx/internal-deprecate": "^1.0.0-pre.24",
        "@esfx/internal-guards": "^1.0.0-pre.23",
        "@esfx/internal-tag": "^1.0.0-pre.19"
      }
    },
    "@esfx/collection-core": {
      "version": "1.0.0-pre.24",
      "resolved": "https://registry.npmjs.org/@esfx/collection-core/-/collection-core-1.0.0-pre.24.tgz",
      "integrity": "sha512-OIgMS91JmjSoRWD7u/DfnDzo8vDggeTeUPRi1p5WhyboY0+IwmetEqgeHZb8bpka/SsmtYX5qxqEjeqNXqh+pA==",
      "requires": {
        "@esfx/internal-deprecate": "^1.0.0-pre.24",
        "@esfx/internal-guards": "^1.0.0-pre.23"
      }
    },
    "@esfx/collections-linkedlist": {
      "version": "1.0.0-pre.24",
      "resolved": "https://registry.npmjs.org/@esfx/collections-linkedlist/-/collections-linkedlist-1.0.0-pre.24.tgz",
      "integrity": "sha512-Maya8jXH0xvzyfeSH88/j2b5gavO/mluslgIC2Ttdz8rh6+3o8/pVYriceH/Jinn4pgTEzDhO6Rn/aruZG0+Ug==",
      "requires": {
        "@esfx/collection-core": "^1.0.0-pre.24",
        "@esfx/equatable": "^1.0.0-pre.19",
        "@esfx/internal-guards": "^1.0.0-pre.23"
      }
    },
    "@esfx/disposable": {
      "version": "1.0.0-pre.30",
      "resolved": "https://registry.npmjs.org/@esfx/disposable/-/disposable-1.0.0-pre.30.tgz",
      "integrity": "sha512-njBGIQO+HW+lMqqMjURC+MWn+55ufulgebPLXzlxbwVSz5hZkoCsv6n9sIBQbnvg/PYQmWK5Dk6gDSmFfihTUg=="
    },
    "@esfx/equatable": {
      "version": "1.0.0-pre.19",
      "resolved": "https://registry.npmjs.org/@esfx/equatable/-/equatable-1.0.0-pre.19.tgz",
      "integrity": "sha512-+f6Xm6GOigyGx7t0D0IyG9Z0AuYDhNWjwV49vs5uNG/+0VQAOSYjmnpSzTZRYcYwxW52DmWJWFYNY8bvCDD2ag=="
    },
    "@esfx/internal-deprecate": {
      "version": "1.0.0-pre.24",
      "resolved": "https://registry.npmjs.org/@esfx/internal-deprecate/-/internal-deprecate-1.0.0-pre.24.tgz",
      "integrity": "sha512-TSU5k04+nuVQdyfYhaVXxyskdiwYQHgwN20J3cbyRrm/YFi2dOoFSLFvkMNh7LNOPGWSOg6pfAm3kd23ISR3Ow=="
    },
    "@esfx/internal-guards": {
      "version": "1.0.0-pre.23",
      "resolved": "https://registry.npmjs.org/@esfx/internal-guards/-/internal-guards-1.0.0-pre.23.tgz",
      "integrity": "sha512-y2svuwRERA2eKF1T/Stq+O8kPjicFQcUTob5je3L6iloOHnOD0sX6aQLvheWmTXXS7hAnjlyMeSN/ec84BRyHg==",
      "requires": {
        "@esfx/type-model": "^1.0.0-pre.23"
      }
    },
    "@esfx/internal-tag": {
      "version": "1.0.0-pre.19",
      "resolved": "https://registry.npmjs.org/@esfx/internal-tag/-/internal-tag-1.0.0-pre.19.tgz",
      "integrity": "sha512-/v1D5LfvBnbvHzL22Vh6yobrOTVCBhsW/l9M+/GRA51eqCN27yTmWGaYUSd1QXp2vxHwNr0sfckVoNtTzeaIqQ=="
    },
    "@esfx/type-model": {
      "version": "1.0.0-pre.23",
      "resolved": "https://registry.npmjs.org/@esfx/type-model/-/type-model-1.0.0-pre.23.tgz",
      "integrity": "sha512-jwcSY9pqEmGoDNhfT+0LUmSTyk6zXF/pbgKb7KU7mTfCrWfVCT/ve61cD1CreerDRBSat/s55se0lJXwDSjhuA=="
    },
    "boolbase": {
      "version": "1.0.0",
      "resolved": "https://registry.npmjs.org/boolbase/-/boolbase-1.0.0.tgz",
      "integrity": "sha1-aN/1++YMUes3cl6p4+0xDcwed24="
    },
    "css-select": {
      "version": "4.1.3",
      "resolved": "https://registry.npmjs.org/css-select/-/css-select-4.1.3.tgz",
      "integrity": "sha512-gT3wBNd9Nj49rAbmtFHj1cljIAOLYSX1nZ8CB7TBO3INYckygm5B7LISU/szY//YmdiSLbJvDLOx9VnMVpMBxA==",
      "requires": {
        "boolbase": "^1.0.0",
        "css-what": "^5.0.0",
        "domhandler": "^4.2.0",
        "domutils": "^2.6.0",
        "nth-check": "^2.0.0"
      }
    },
    "css-what": {
      "version": "5.1.0",
      "resolved": "https://registry.npmjs.org/css-what/-/css-what-5.1.0.tgz",
      "integrity": "sha512-arSMRWIIFY0hV8pIxZMEfmMI47Wj3R/aWpZDDxWYCPEiOMv6tfOrnpDtgxBYPEQD4V0Y/958+1TdC3iWTFcUPw=="
    },
    "data-uri-to-buffer": {
      "version": "4.0.0",
      "resolved": "https://registry.npmjs.org/data-uri-to-buffer/-/data-uri-to-buffer-4.0.0.tgz",
      "integrity": "sha512-Vr3mLBA8qWmcuschSLAOogKgQ/Jwxulv3RNE4FXnYWRGujzrRWQI4m12fQqRkwX06C0KanhLr4hK+GydchZsaA=="
    },
    "dom-serializer": {
      "version": "1.3.2",
      "resolved": "https://registry.npmjs.org/dom-serializer/-/dom-serializer-1.3.2.tgz",
      "integrity": "sha512-5c54Bk5Dw4qAxNOI1pFEizPSjVsx5+bpJKmL2kPn8JhBUq2q09tTCa3mjijun2NfK78NMouDYNMBkOrPZiS+ig==",
      "requires": {
        "domelementtype": "^2.0.1",
        "domhandler": "^4.2.0",
        "entities": "^2.0.0"
      }
    },
    "domelementtype": {
      "version": "2.2.0",
      "resolved": "https://registry.npmjs.org/domelementtype/-/domelementtype-2.2.0.tgz",
      "integrity": "sha512-DtBMo82pv1dFtUmHyr48beiuq792Sxohr+8Hm9zoxklYPfa6n0Z3Byjj2IV7bmr2IyqClnqEQhfgHJJ5QF0R5A=="
    },
    "domhandler": {
      "version": "4.2.2",
      "resolved": "https://registry.npmjs.org/domhandler/-/domhandler-4.2.2.tgz",
      "integrity": "sha512-PzE9aBMsdZO8TK4BnuJwH0QT41wgMbRzuZrHUcpYncEjmQazq8QEaBWgLG7ZyC/DAZKEgglpIA6j4Qn/HmxS3w==",
      "requires": {
        "domelementtype": "^2.2.0"
      }
    },
    "domutils": {
      "version": "2.8.0",
      "resolved": "https://registry.npmjs.org/domutils/-/domutils-2.8.0.tgz",
      "integrity": "sha512-w96Cjofp72M5IIhpjgobBimYEfoPjx1Vx0BSX9P30WBdZW2WIKU0T1Bd0kz2eNZ9ikjKgHbEyKx8BB6H1L3h3A==",
      "requires": {
        "dom-serializer": "^1.0.1",
        "domelementtype": "^2.2.0",
        "domhandler": "^4.2.0"
      }
    },
    "entities": {
      "version": "2.2.0",
      "resolved": "https://registry.npmjs.org/entities/-/entities-2.2.0.tgz",
      "integrity": "sha512-p92if5Nz619I0w+akJrLZH0MX0Pb5DX39XOwQTtXSdQQOaYH03S1uIQp4mhOZtAXrxq4ViO67YTiLBo2638o9A=="
    },
    "fetch-blob": {
      "version": "3.1.3",
      "resolved": "https://registry.npmjs.org/fetch-blob/-/fetch-blob-3.1.3.tgz",
      "integrity": "sha512-ax1Y5I9w+9+JiM+wdHkhBoxew+zG4AJ2SvAD1v1szpddUIiPERVGBxrMcB2ZqW0Y3PP8bOWYv2zqQq1Jp2kqUQ==",
      "requires": {
        "web-streams-polyfill": "^3.0.3"
      }
    },
    "formdata-polyfill": {
      "version": "4.0.10",
      "resolved": "https://registry.npmjs.org/formdata-polyfill/-/formdata-polyfill-4.0.10.tgz",
      "integrity": "sha512-buewHzMvYL29jdeQTVILecSaZKnt/RJWjoZCF5OW60Z67/GmSLBkOFM7qh1PI3zFNtJbaZL5eQu1vLfazOwj4g==",
      "requires": {
        "fetch-blob": "^3.1.2"
      }
    },
    "grammarkdown": {
      "version": "3.1.2",
      "resolved": "https://registry.npmjs.org/grammarkdown/-/grammarkdown-3.1.2.tgz",
      "integrity": "sha512-2WHeSg1sYjeeWMqnt0jEa4FyhofhE8T02a9PhBXvA1+6hLdZ39E753X05LYIdTff+1GYW6UMy+2nLfeQYQZ9Hw==",
      "requires": {
        "@esfx/async-canceltoken": "^1.0.0-pre.13",
        "@esfx/cancelable": "^1.0.0-pre.13"
      }
    },
    "he": {
      "version": "1.2.0",
      "resolved": "https://registry.npmjs.org/he/-/he-1.2.0.tgz",
      "integrity": "sha512-F/1DnUGPopORZi0ni+CvrCgHQ5FyEAHRLSApuYWMmrbSwoN2Mn/7k+Gl38gJnR7yyDZk6WLXwiGod1JOWNDKGw=="
    },
    "html-entities": {
      "version": "2.3.2",
      "resolved": "https://registry.npmjs.org/html-entities/-/html-entities-2.3.2.tgz",
      "integrity": "sha512-c3Ab/url5ksaT0WyleslpBEthOzWhrjQbg75y7XUsfSzi3Dgzt0l8w5e7DylRn15MTlMMD58dTfzddNS2kcAjQ=="
    },
    "node-fetch": {
      "version": "3.1.0",
      "resolved": "https://registry.npmjs.org/node-fetch/-/node-fetch-3.1.0.tgz",
      "integrity": "sha512-QU0WbIfMUjd5+MUzQOYhenAazakV7Irh1SGkWCsRzBwvm4fAhzEUaHMJ6QLP7gWT6WO9/oH2zhKMMGMuIrDyKw==",
      "requires": {
        "data-uri-to-buffer": "^4.0.0",
        "fetch-blob": "^3.1.2",
        "formdata-polyfill": "^4.0.10"
      }
    },
    "node-html-parser": {
      "version": "5.1.0",
      "resolved": "https://registry.npmjs.org/node-html-parser/-/node-html-parser-5.1.0.tgz",
      "integrity": "sha512-l6C1Gf1o7YuxeMGa17PypEez/rj+ii3q4/NZG37nRmWSLDjHyB0WNrlE4h2UW92D0JSfUSfu+lOvxThttVe7Jw==",
      "requires": {
        "css-select": "^4.1.3",
        "he": "1.2.0"
      }
    },
    "nth-check": {
      "version": "2.0.1",
      "resolved": "https://registry.npmjs.org/nth-check/-/nth-check-2.0.1.tgz",
      "integrity": "sha512-it1vE95zF6dTT9lBsYbxvqh0Soy4SPowchj0UBGj/V6cTPnXXtQOPUbhZ6CmGzAD/rW22LQK6E96pcdJXk4A4w==",
      "requires": {
        "boolbase": "^1.0.0"
      }
    },
    "tslib": {
      "version": "2.3.1",
      "resolved": "https://registry.npmjs.org/tslib/-/tslib-2.3.1.tgz",
      "integrity": "sha512-77EbyPPpMz+FRFRuAFlWMtmgUWGe9UOG2Z25NqCwiIjRhOf5iKGuzSe5P2w1laq+FkRy4p+PCuVkJSGkzTEKVw=="
    },
    "web-streams-polyfill": {
      "version": "3.2.0",
      "resolved": "https://registry.npmjs.org/web-streams-polyfill/-/web-streams-polyfill-3.2.0.tgz",
      "integrity": "sha512-EqPmREeOzttaLRm5HS7io98goBgZ7IVz79aDvqjD0kYXLtFZTc0T/U6wHTPKyIjb+MdN7DFIIX6hgdBEpWmfPA=="
    }
  }
}
